// !$*UTF8*$!
{
	archiveVersion = 1;
	classes = {
	};
	objectVersion = 56;
	objects = {

/* Begin PBXBuildFile section */
		051AEE9C29FA70FA00CABC8C /* AppDelegate.swift in Sources */ = {isa = PBXBuildFile; fileRef = 051AEE9B29FA70FA00CABC8C /* AppDelegate.swift */; };
		051AEE9E29FA70FA00CABC8C /* SceneDelegate.swift in Sources */ = {isa = PBXBuildFile; fileRef = 051AEE9D29FA70FA00CABC8C /* SceneDelegate.swift */; };
		051AEEA029FA70FA00CABC8C /* ViewController.swift in Sources */ = {isa = PBXBuildFile; fileRef = 051AEE9F29FA70FA00CABC8C /* ViewController.swift */; };
		051AEEA329FA70FA00CABC8C /* Main.storyboard in Resources */ = {isa = PBXBuildFile; fileRef = 051AEEA129FA70FA00CABC8C /* Main.storyboard */; };
		051AEEA629FA70FA00CABC8C /* VigimonS.xcdatamodeld in Sources */ = {isa = PBXBuildFile; fileRef = 051AEEA429FA70FA00CABC8C /* VigimonS.xcdatamodeld */; };
		051AEEA829FA70FD00CABC8C /* Assets.xcassets in Resources */ = {isa = PBXBuildFile; fileRef = 051AEEA729FA70FD00CABC8C /* Assets.xcassets */; };
		051AEEAB29FA70FD00CABC8C /* LaunchScreen.storyboard in Resources */ = {isa = PBXBuildFile; fileRef = 051AEEA929FA70FD00CABC8C /* LaunchScreen.storyboard */; };
		051AEEB629FA70FD00CABC8C /* VigimonSTests.swift in Sources */ = {isa = PBXBuildFile; fileRef = 051AEEB529FA70FD00CABC8C /* VigimonSTests.swift */; };
		051AEEC029FA70FD00CABC8C /* VigimonSUITests.swift in Sources */ = {isa = PBXBuildFile; fileRef = 051AEEBF29FA70FD00CABC8C /* VigimonSUITests.swift */; };
		051AEEC229FA70FD00CABC8C /* VigimonSUITestsLaunchTests.swift in Sources */ = {isa = PBXBuildFile; fileRef = 051AEEC129FA70FD00CABC8C /* VigimonSUITestsLaunchTests.swift */; };
		051AEED029FA725F00CABC8C /* LoginViewController.swift in Sources */ = {isa = PBXBuildFile; fileRef = 051AEECF29FA725F00CABC8C /* LoginViewController.swift */; };
		051AEED229FA729800CABC8C /* RegisterViewController.swift in Sources */ = {isa = PBXBuildFile; fileRef = 051AEED129FA729800CABC8C /* RegisterViewController.swift */; };
		051AEED829FA730100CABC8C /* DigimonTableViewCell.swift in Sources */ = {isa = PBXBuildFile; fileRef = 051AEED729FA730100CABC8C /* DigimonTableViewCell.swift */; };
		0542C11729FBDAAF004FF84F /* HomeViewController.swift in Sources */ = {isa = PBXBuildFile; fileRef = 0542C11629FBDAAF004FF84F /* HomeViewController.swift */; };
		0542C11B29FBE536004FF84F /* ManageViewController.swift in Sources */ = {isa = PBXBuildFile; fileRef = 0542C11A29FBE536004FF84F /* ManageViewController.swift */; };
		0542C11D29FBE6E6004FF84F /* WelcomeViewController.swift in Sources */ = {isa = PBXBuildFile; fileRef = 0542C11C29FBE6E6004FF84F /* WelcomeViewController.swift */; };
/* End PBXBuildFile section */

/* Begin PBXContainerItemProxy section */
		051AEEB229FA70FD00CABC8C /* PBXContainerItemProxy */ = {
			isa = PBXContainerItemProxy;
			containerPortal = 051AEE9029FA70FA00CABC8C /* Project object */;
			proxyType = 1;
			remoteGlobalIDString = 051AEE9729FA70FA00CABC8C;
			remoteInfo = VigimonS;
		};
		051AEEBC29FA70FD00CABC8C /* PBXContainerItemProxy */ = {
			isa = PBXContainerItemProxy;
			containerPortal = 051AEE9029FA70FA00CABC8C /* Project object */;
			proxyType = 1;
			remoteGlobalIDString = 051AEE9729FA70FA00CABC8C;
			remoteInfo = VigimonS;
		};
/* End PBXContainerItemProxy section */

/* Begin PBXFileReference section */
		051AEE9829FA70FA00CABC8C /* VigimonS.app */ = {isa = PBXFileReference; explicitFileType = wrapper.application; includeInIndex = 0; path = VigimonS.app; sourceTree = BUILT_PRODUCTS_DIR; };
		051AEE9B29FA70FA00CABC8C /* AppDelegate.swift */ = {isa = PBXFileReference; lastKnownFileType = sourcecode.swift; path = AppDelegate.swift; sourceTree = "<group>"; };
		051AEE9D29FA70FA00CABC8C /* SceneDelegate.swift */ = {isa = PBXFileReference; lastKnownFileType = sourcecode.swift; path = SceneDelegate.swift; sourceTree = "<group>"; };
		051AEE9F29FA70FA00CABC8C /* ViewController.swift */ = {isa = PBXFileReference; lastKnownFileType = sourcecode.swift; path = ViewController.swift; sourceTree = "<group>"; };
		051AEEA229FA70FA00CABC8C /* Base */ = {isa = PBXFileReference; lastKnownFileType = file.storyboard; name = Base; path = Base.lproj/Main.storyboard; sourceTree = "<group>"; };
		051AEEA529FA70FA00CABC8C /* VigimonS.xcdatamodel */ = {isa = PBXFileReference; lastKnownFileType = wrapper.xcdatamodel; path = VigimonS.xcdatamodel; sourceTree = "<group>"; };
		051AEEA729FA70FD00CABC8C /* Assets.xcassets */ = {isa = PBXFileReference; lastKnownFileType = folder.assetcatalog; path = Assets.xcassets; sourceTree = "<group>"; };
		051AEEAA29FA70FD00CABC8C /* Base */ = {isa = PBXFileReference; lastKnownFileType = file.storyboard; name = Base; path = Base.lproj/LaunchScreen.storyboard; sourceTree = "<group>"; };
		051AEEAC29FA70FD00CABC8C /* Info.plist */ = {isa = PBXFileReference; lastKnownFileType = text.plist.xml; path = Info.plist; sourceTree = "<group>"; };
		051AEEB129FA70FD00CABC8C /* VigimonSTests.xctest */ = {isa = PBXFileReference; explicitFileType = wrapper.cfbundle; includeInIndex = 0; path = VigimonSTests.xctest; sourceTree = BUILT_PRODUCTS_DIR; };
		051AEEB529FA70FD00CABC8C /* VigimonSTests.swift */ = {isa = PBXFileReference; lastKnownFileType = sourcecode.swift; path = VigimonSTests.swift; sourceTree = "<group>"; };
		051AEEBB29FA70FD00CABC8C /* VigimonSUITests.xctest */ = {isa = PBXFileReference; explicitFileType = wrapper.cfbundle; includeInIndex = 0; path = VigimonSUITests.xctest; sourceTree = BUILT_PRODUCTS_DIR; };
		051AEEBF29FA70FD00CABC8C /* VigimonSUITests.swift */ = {isa = PBXFileReference; lastKnownFileType = sourcecode.swift; path = VigimonSUITests.swift; sourceTree = "<group>"; };
		051AEEC129FA70FD00CABC8C /* VigimonSUITestsLaunchTests.swift */ = {isa = PBXFileReference; lastKnownFileType = sourcecode.swift; path = VigimonSUITestsLaunchTests.swift; sourceTree = "<group>"; };
		051AEECF29FA725F00CABC8C /* LoginViewController.swift */ = {isa = PBXFileReference; lastKnownFileType = sourcecode.swift; path = LoginViewController.swift; sourceTree = "<group>"; };
		051AEED129FA729800CABC8C /* RegisterViewController.swift */ = {isa = PBXFileReference; lastKnownFileType = sourcecode.swift; path = RegisterViewController.swift; sourceTree = "<group>"; };
		051AEED729FA730100CABC8C /* DigimonTableViewCell.swift */ = {isa = PBXFileReference; lastKnownFileType = sourcecode.swift; path = DigimonTableViewCell.swift; sourceTree = "<group>"; };
		0542C11629FBDAAF004FF84F /* HomeViewController.swift */ = {isa = PBXFileReference; lastKnownFileType = sourcecode.swift; path = HomeViewController.swift; sourceTree = "<group>"; };
		0542C11A29FBE536004FF84F /* ManageViewController.swift */ = {isa = PBXFileReference; lastKnownFileType = sourcecode.swift; path = ManageViewController.swift; sourceTree = "<group>"; };
		0542C11C29FBE6E6004FF84F /* WelcomeViewController.swift */ = {isa = PBXFileReference; lastKnownFileType = sourcecode.swift; path = WelcomeViewController.swift; sourceTree = "<group>"; };
/* End PBXFileReference section */

/* Begin PBXFrameworksBuildPhase section */
		051AEE9529FA70FA00CABC8C /* Frameworks */ = {
			isa = PBXFrameworksBuildPhase;
			buildActionMask = 2147483647;
			files = (
			);
			runOnlyForDeploymentPostprocessing = 0;
		};
		051AEEAE29FA70FD00CABC8C /* Frameworks */ = {
			isa = PBXFrameworksBuildPhase;
			buildActionMask = 2147483647;
			files = (
			);
			runOnlyForDeploymentPostprocessing = 0;
		};
		051AEEB829FA70FD00CABC8C /* Frameworks */ = {
			isa = PBXFrameworksBuildPhase;
			buildActionMask = 2147483647;
			files = (
			);
			runOnlyForDeploymentPostprocessing = 0;
		};
/* End PBXFrameworksBuildPhase section */

/* Begin PBXGroup section */
		051AEE8F29FA70FA00CABC8C = {
			isa = PBXGroup;
			children = (
				051AEE9A29FA70FA00CABC8C /* VigimonS */,
				051AEEB429FA70FD00CABC8C /* VigimonSTests */,
				051AEEBE29FA70FD00CABC8C /* VigimonSUITests */,
				051AEE9929FA70FA00CABC8C /* Products */,
			);
			sourceTree = "<group>";
		};
		051AEE9929FA70FA00CABC8C /* Products */ = {
			isa = PBXGroup;
			children = (
				051AEE9829FA70FA00CABC8C /* VigimonS.app */,
				051AEEB129FA70FD00CABC8C /* VigimonSTests.xctest */,
				051AEEBB29FA70FD00CABC8C /* VigimonSUITests.xctest */,
			);
			name = Products;
			sourceTree = "<group>";
		};
		051AEE9A29FA70FA00CABC8C /* VigimonS */ = {
			isa = PBXGroup;
			children = (
				051AEECE29FA71EF00CABC8C /* View Controllers */,
				051AEE9B29FA70FA00CABC8C /* AppDelegate.swift */,
				051AEE9D29FA70FA00CABC8C /* SceneDelegate.swift */,
				051AEE9F29FA70FA00CABC8C /* ViewController.swift */,
				051AEEA129FA70FA00CABC8C /* Main.storyboard */,
				051AEEA729FA70FD00CABC8C /* Assets.xcassets */,
				051AEEA929FA70FD00CABC8C /* LaunchScreen.storyboard */,
				051AEEAC29FA70FD00CABC8C /* Info.plist */,
				051AEEA429FA70FA00CABC8C /* VigimonS.xcdatamodeld */,
			);
			path = VigimonS;
			sourceTree = "<group>";
		};
		051AEEB429FA70FD00CABC8C /* VigimonSTests */ = {
			isa = PBXGroup;
			children = (
				051AEEB529FA70FD00CABC8C /* VigimonSTests.swift */,
			);
			path = VigimonSTests;
			sourceTree = "<group>";
		};
		051AEEBE29FA70FD00CABC8C /* VigimonSUITests */ = {
			isa = PBXGroup;
			children = (
				051AEEBF29FA70FD00CABC8C /* VigimonSUITests.swift */,
				051AEEC129FA70FD00CABC8C /* VigimonSUITestsLaunchTests.swift */,
			);
			path = VigimonSUITests;
			sourceTree = "<group>";
		};
		051AEECE29FA71EF00CABC8C /* View Controllers */ = {
			isa = PBXGroup;
			children = (
				051AEECF29FA725F00CABC8C /* LoginViewController.swift */,
				0542C11C29FBE6E6004FF84F /* WelcomeViewController.swift */,
				051AEED129FA729800CABC8C /* RegisterViewController.swift */,
				051AEED729FA730100CABC8C /* DigimonTableViewCell.swift */,
				0542C11629FBDAAF004FF84F /* HomeViewController.swift */,
				0542C11A29FBE536004FF84F /* ManageViewController.swift */,
			);
			name = "View Controllers";
			sourceTree = "<group>";
		};
/* End PBXGroup section */

/* Begin PBXNativeTarget section */
		051AEE9729FA70FA00CABC8C /* VigimonS */ = {
			isa = PBXNativeTarget;
			buildConfigurationList = 051AEEC529FA70FD00CABC8C /* Build configuration list for PBXNativeTarget "VigimonS" */;
			buildPhases = (
				051AEE9429FA70FA00CABC8C /* Sources */,
				051AEE9529FA70FA00CABC8C /* Frameworks */,
				051AEE9629FA70FA00CABC8C /* Resources */,
			);
			buildRules = (
			);
			dependencies = (
			);
			name = VigimonS;
			productName = VigimonS;
			productReference = 051AEE9829FA70FA00CABC8C /* VigimonS.app */;
			productType = "com.apple.product-type.application";
		};
		051AEEB029FA70FD00CABC8C /* VigimonSTests */ = {
			isa = PBXNativeTarget;
			buildConfigurationList = 051AEEC829FA70FD00CABC8C /* Build configuration list for PBXNativeTarget "VigimonSTests" */;
			buildPhases = (
				051AEEAD29FA70FD00CABC8C /* Sources */,
				051AEEAE29FA70FD00CABC8C /* Frameworks */,
				051AEEAF29FA70FD00CABC8C /* Resources */,
			);
			buildRules = (
			);
			dependencies = (
				051AEEB329FA70FD00CABC8C /* PBXTargetDependency */,
			);
			name = VigimonSTests;
			productName = VigimonSTests;
			productReference = 051AEEB129FA70FD00CABC8C /* VigimonSTests.xctest */;
			productType = "com.apple.product-type.bundle.unit-test";
		};
		051AEEBA29FA70FD00CABC8C /* VigimonSUITests */ = {
			isa = PBXNativeTarget;
			buildConfigurationList = 051AEECB29FA70FD00CABC8C /* Build configuration list for PBXNativeTarget "VigimonSUITests" */;
			buildPhases = (
				051AEEB729FA70FD00CABC8C /* Sources */,
				051AEEB829FA70FD00CABC8C /* Frameworks */,
				051AEEB929FA70FD00CABC8C /* Resources */,
			);
			buildRules = (
			);
			dependencies = (
				051AEEBD29FA70FD00CABC8C /* PBXTargetDependency */,
			);
			name = VigimonSUITests;
			productName = VigimonSUITests;
			productReference = 051AEEBB29FA70FD00CABC8C /* VigimonSUITests.xctest */;
			productType = "com.apple.product-type.bundle.ui-testing";
		};
/* End PBXNativeTarget section */

/* Begin PBXProject section */
		051AEE9029FA70FA00CABC8C /* Project object */ = {
			isa = PBXProject;
			attributes = {
				BuildIndependentTargetsInParallel = 1;
				LastSwiftUpdateCheck = 1410;
				LastUpgradeCheck = 1410;
				TargetAttributes = {
					051AEE9729FA70FA00CABC8C = {
						CreatedOnToolsVersion = 14.1;
					};
					051AEEB029FA70FD00CABC8C = {
						CreatedOnToolsVersion = 14.1;
						TestTargetID = 051AEE9729FA70FA00CABC8C;
					};
					051AEEBA29FA70FD00CABC8C = {
						CreatedOnToolsVersion = 14.1;
						TestTargetID = 051AEE9729FA70FA00CABC8C;
					};
				};
			};
			buildConfigurationList = 051AEE9329FA70FA00CABC8C /* Build configuration list for PBXProject "VigimonS" */;
			compatibilityVersion = "Xcode 14.0";
			developmentRegion = en;
			hasScannedForEncodings = 0;
			knownRegions = (
				en,
				Base,
			);
			mainGroup = 051AEE8F29FA70FA00CABC8C;
			productRefGroup = 051AEE9929FA70FA00CABC8C /* Products */;
			projectDirPath = "";
			projectRoot = "";
			targets = (
				051AEE9729FA70FA00CABC8C /* VigimonS */,
				051AEEB029FA70FD00CABC8C /* VigimonSTests */,
				051AEEBA29FA70FD00CABC8C /* VigimonSUITests */,
			);
		};
/* End PBXProject section */

/* Begin PBXResourcesBuildPhase section */
		051AEE9629FA70FA00CABC8C /* Resources */ = {
			isa = PBXResourcesBuildPhase;
			buildActionMask = 2147483647;
			files = (
				051AEEAB29FA70FD00CABC8C /* LaunchScreen.storyboard in Resources */,
				051AEEA829FA70FD00CABC8C /* Assets.xcassets in Resources */,
				051AEEA329FA70FA00CABC8C /* Main.storyboard in Resources */,
			);
			runOnlyForDeploymentPostprocessing = 0;
		};
		051AEEAF29FA70FD00CABC8C /* Resources */ = {
			isa = PBXResourcesBuildPhase;
			buildActionMask = 2147483647;
			files = (
			);
			runOnlyForDeploymentPostprocessing = 0;
		};
		051AEEB929FA70FD00CABC8C /* Resources */ = {
			isa = PBXResourcesBuildPhase;
			buildActionMask = 2147483647;
			files = (
			);
			runOnlyForDeploymentPostprocessing = 0;
		};
/* End PBXResourcesBuildPhase section */

/* Begin PBXSourcesBuildPhase section */
		051AEE9429FA70FA00CABC8C /* Sources */ = {
			isa = PBXSourcesBuildPhase;
			buildActionMask = 2147483647;
			files = (
				051AEEA029FA70FA00CABC8C /* ViewController.swift in Sources */,
				0542C11D29FBE6E6004FF84F /* WelcomeViewController.swift in Sources */,
				051AEED829FA730100CABC8C /* DigimonTableViewCell.swift in Sources */,
				051AEEA629FA70FA00CABC8C /* VigimonS.xcdatamodeld in Sources */,
				0542C11729FBDAAF004FF84F /* HomeViewController.swift in Sources */,
				051AEE9C29FA70FA00CABC8C /* AppDelegate.swift in Sources */,
				0542C11B29FBE536004FF84F /* ManageViewController.swift in Sources */,
				051AEED229FA729800CABC8C /* RegisterViewController.swift in Sources */,
				051AEED029FA725F00CABC8C /* LoginViewController.swift in Sources */,
				051AEE9E29FA70FA00CABC8C /* SceneDelegate.swift in Sources */,
			);
			runOnlyForDeploymentPostprocessing = 0;
		};
		051AEEAD29FA70FD00CABC8C /* Sources */ = {
			isa = PBXSourcesBuildPhase;
			buildActionMask = 2147483647;
			files = (
				051AEEB629FA70FD00CABC8C /* VigimonSTests.swift in Sources */,
			);
			runOnlyForDeploymentPostprocessing = 0;
		};
		051AEEB729FA70FD00CABC8C /* Sources */ = {
			isa = PBXSourcesBuildPhase;
			buildActionMask = 2147483647;
			files = (
				051AEEC229FA70FD00CABC8C /* VigimonSUITestsLaunchTests.swift in Sources */,
				051AEEC029FA70FD00CABC8C /* VigimonSUITests.swift in Sources */,
			);
			runOnlyForDeploymentPostprocessing = 0;
		};
/* End PBXSourcesBuildPhase section */

/* Begin PBXTargetDependency section */
		051AEEB329FA70FD00CABC8C /* PBXTargetDependency */ = {
			isa = PBXTargetDependency;
			target = 051AEE9729FA70FA00CABC8C /* VigimonS */;
			targetProxy = 051AEEB229FA70FD00CABC8C /* PBXContainerItemProxy */;
		};
		051AEEBD29FA70FD00CABC8C /* PBXTargetDependency */ = {
			isa = PBXTargetDependency;
			target = 051AEE9729FA70FA00CABC8C /* VigimonS */;
			targetProxy = 051AEEBC29FA70FD00CABC8C /* PBXContainerItemProxy */;
		};
/* End PBXTargetDependency section */

/* Begin PBXVariantGroup section */
		051AEEA129FA70FA00CABC8C /* Main.storyboard */ = {
			isa = PBXVariantGroup;
			children = (
				051AEEA229FA70FA00CABC8C /* Base */,
			);
			name = Main.storyboard;
			sourceTree = "<group>";
		};
		051AEEA929FA70FD00CABC8C /* LaunchScreen.storyboard */ = {
			isa = PBXVariantGroup;
			children = (
				051AEEAA29FA70FD00CABC8C /* Base */,
			);
			name = LaunchScreen.storyboard;
			sourceTree = "<group>";
		};
/* End PBXVariantGroup section */

/* Begin XCBuildConfiguration section */
		051AEEC329FA70FD00CABC8C /* Debug */ = {
			isa = XCBuildConfiguration;
			buildSettings = {
				ALWAYS_SEARCH_USER_PATHS = NO;
				CLANG_ANALYZER_NONNULL = YES;
				CLANG_ANALYZER_NUMBER_OBJECT_CONVERSION = YES_AGGRESSIVE;
				CLANG_CXX_LANGUAGE_STANDARD = "gnu++20";
				CLANG_ENABLE_MODULES = YES;
				CLANG_ENABLE_OBJC_ARC = YES;
				CLANG_ENABLE_OBJC_WEAK = YES;
				CLANG_WARN_BLOCK_CAPTURE_AUTORELEASING = YES;
				CLANG_WARN_BOOL_CONVERSION = YES;
				CLANG_WARN_COMMA = YES;
				CLANG_WARN_CONSTANT_CONVERSION = YES;
				CLANG_WARN_DEPRECATED_OBJC_IMPLEMENTATIONS = YES;
				CLANG_WARN_DIRECT_OBJC_ISA_USAGE = YES_ERROR;
				CLANG_WARN_DOCUMENTATION_COMMENTS = YES;
				CLANG_WARN_EMPTY_BODY = YES;
				CLANG_WARN_ENUM_CONVERSION = YES;
				CLANG_WARN_INFINITE_RECURSION = YES;
				CLANG_WARN_INT_CONVERSION = YES;
				CLANG_WARN_NON_LITERAL_NULL_CONVERSION = YES;
				CLANG_WARN_OBJC_IMPLICIT_RETAIN_SELF = YES;
				CLANG_WARN_OBJC_LITERAL_CONVERSION = YES;
				CLANG_WARN_OBJC_ROOT_CLASS = YES_ERROR;
				CLANG_WARN_QUOTED_INCLUDE_IN_FRAMEWORK_HEADER = YES;
				CLANG_WARN_RANGE_LOOP_ANALYSIS = YES;
				CLANG_WARN_STRICT_PROTOTYPES = YES;
				CLANG_WARN_SUSPICIOUS_MOVE = YES;
				CLANG_WARN_UNGUARDED_AVAILABILITY = YES_AGGRESSIVE;
				CLANG_WARN_UNREACHABLE_CODE = YES;
				CLANG_WARN__DUPLICATE_METHOD_MATCH = YES;
				COPY_PHASE_STRIP = NO;
				DEBUG_INFORMATION_FORMAT = dwarf;
				ENABLE_STRICT_OBJC_MSGSEND = YES;
				ENABLE_TESTABILITY = YES;
				GCC_C_LANGUAGE_STANDARD = gnu11;
				GCC_DYNAMIC_NO_PIC = NO;
				GCC_NO_COMMON_BLOCKS = YES;
				GCC_OPTIMIZATION_LEVEL = 0;
				GCC_PREPROCESSOR_DEFINITIONS = (
					"DEBUG=1",
					"$(inherited)",
				);
				GCC_WARN_64_TO_32_BIT_CONVERSION = YES;
				GCC_WARN_ABOUT_RETURN_TYPE = YES_ERROR;
				GCC_WARN_UNDECLARED_SELECTOR = YES;
				GCC_WARN_UNINITIALIZED_AUTOS = YES_AGGRESSIVE;
				GCC_WARN_UNUSED_FUNCTION = YES;
				GCC_WARN_UNUSED_VARIABLE = YES;
				IPHONEOS_DEPLOYMENT_TARGET = 16.1;
				MTL_ENABLE_DEBUG_INFO = INCLUDE_SOURCE;
				MTL_FAST_MATH = YES;
				ONLY_ACTIVE_ARCH = YES;
				SDKROOT = iphoneos;
				SWIFT_ACTIVE_COMPILATION_CONDITIONS = DEBUG;
				SWIFT_OPTIMIZATION_LEVEL = "-Onone";
			};
			name = Debug;
		};
		051AEEC429FA70FD00CABC8C /* Release */ = {
			isa = XCBuildConfiguration;
			buildSettings = {
				ALWAYS_SEARCH_USER_PATHS = NO;
				CLANG_ANALYZER_NONNULL = YES;
				CLANG_ANALYZER_NUMBER_OBJECT_CONVERSION = YES_AGGRESSIVE;
				CLANG_CXX_LANGUAGE_STANDARD = "gnu++20";
				CLANG_ENABLE_MODULES = YES;
				CLANG_ENABLE_OBJC_ARC = YES;
				CLANG_ENABLE_OBJC_WEAK = YES;
				CLANG_WARN_BLOCK_CAPTURE_AUTORELEASING = YES;
				CLANG_WARN_BOOL_CONVERSION = YES;
				CLANG_WARN_COMMA = YES;
				CLANG_WARN_CONSTANT_CONVERSION = YES;
				CLANG_WARN_DEPRECATED_OBJC_IMPLEMENTATIONS = YES;
				CLANG_WARN_DIRECT_OBJC_ISA_USAGE = YES_ERROR;
				CLANG_WARN_DOCUMENTATION_COMMENTS = YES;
				CLANG_WARN_EMPTY_BODY = YES;
				CLANG_WARN_ENUM_CONVERSION = YES;
				CLANG_WARN_INFINITE_RECURSION = YES;
				CLANG_WARN_INT_CONVERSION = YES;
				CLANG_WARN_NON_LITERAL_NULL_CONVERSION = YES;
				CLANG_WARN_OBJC_IMPLICIT_RETAIN_SELF = YES;
				CLANG_WARN_OBJC_LITERAL_CONVERSION = YES;
				CLANG_WARN_OBJC_ROOT_CLASS = YES_ERROR;
				CLANG_WARN_QUOTED_INCLUDE_IN_FRAMEWORK_HEADER = YES;
				CLANG_WARN_RANGE_LOOP_ANALYSIS = YES;
				CLANG_WARN_STRICT_PROTOTYPES = YES;
				CLANG_WARN_SUSPICIOUS_MOVE = YES;
				CLANG_WARN_UNGUARDED_AVAILABILITY = YES_AGGRESSIVE;
				CLANG_WARN_UNREACHABLE_CODE = YES;
				CLANG_WARN__DUPLICATE_METHOD_MATCH = YES;
				COPY_PHASE_STRIP = NO;
				DEBUG_INFORMATION_FORMAT = "dwarf-with-dsym";
				ENABLE_NS_ASSERTIONS = NO;
				ENABLE_STRICT_OBJC_MSGSEND = YES;
				GCC_C_LANGUAGE_STANDARD = gnu11;
				GCC_NO_COMMON_BLOCKS = YES;
				GCC_WARN_64_TO_32_BIT_CONVERSION = YES;
				GCC_WARN_ABOUT_RETURN_TYPE = YES_ERROR;
				GCC_WARN_UNDECLARED_SELECTOR = YES;
				GCC_WARN_UNINITIALIZED_AUTOS = YES_AGGRESSIVE;
				GCC_WARN_UNUSED_FUNCTION = YES;
				GCC_WARN_UNUSED_VARIABLE = YES;
				IPHONEOS_DEPLOYMENT_TARGET = 16.1;
				MTL_ENABLE_DEBUG_INFO = NO;
				MTL_FAST_MATH = YES;
				SDKROOT = iphoneos;
				SWIFT_COMPILATION_MODE = wholemodule;
				SWIFT_OPTIMIZATION_LEVEL = "-O";
				VALIDATE_PRODUCT = YES;
			};
			name = Release;
		};
		051AEEC629FA70FD00CABC8C /* Debug */ = {
			isa = XCBuildConfiguration;
			buildSettings = {
				ASSETCATALOG_COMPILER_APPICON_NAME = AppIcon;
				ASSETCATALOG_COMPILER_GLOBAL_ACCENT_COLOR_NAME = AccentColor;
				CODE_SIGN_STYLE = Automatic;
				CURRENT_PROJECT_VERSION = 1;
				GENERATE_INFOPLIST_FILE = YES;
				INFOPLIST_FILE = VigimonS/Info.plist;
				INFOPLIST_KEY_UIApplicationSupportsIndirectInputEvents = YES;
				INFOPLIST_KEY_UILaunchStoryboardName = LaunchScreen;
				INFOPLIST_KEY_UIMainStoryboardFile = Main;
				INFOPLIST_KEY_UISupportedInterfaceOrientations_iPad = "UIInterfaceOrientationPortrait UIInterfaceOrientationPortraitUpsideDown UIInterfaceOrientationLandscapeLeft UIInterfaceOrientationLandscapeRight";
				INFOPLIST_KEY_UISupportedInterfaceOrientations_iPhone = "UIInterfaceOrientationPortrait UIInterfaceOrientationLandscapeLeft UIInterfaceOrientationLandscapeRight";
				LD_RUNPATH_SEARCH_PATHS = (
					"$(inherited)",
					"@executable_path/Frameworks",
				);
				MARKETING_VERSION = 1.0;
				PRODUCT_BUNDLE_IDENTIFIER = Sunib.VigimonS;
				PRODUCT_NAME = "$(TARGET_NAME)";
				SWIFT_EMIT_LOC_STRINGS = YES;
				SWIFT_VERSION = 5.0;
				TARGETED_DEVICE_FAMILY = "1,2";
			};
			name = Debug;
		};
		051AEEC729FA70FD00CABC8C /* Release */ = {
			isa = XCBuildConfiguration;
			buildSettings = {
				ASSETCATALOG_COMPILER_APPICON_NAME = AppIcon;
				ASSETCATALOG_COMPILER_GLOBAL_ACCENT_COLOR_NAME = AccentColor;
				CODE_SIGN_STYLE = Automatic;
				CURRENT_PROJECT_VERSION = 1;
				GENERATE_INFOPLIST_FILE = YES;
				INFOPLIST_FILE = VigimonS/Info.plist;
				INFOPLIST_KEY_UIApplicationSupportsIndirectInputEvents = YES;
				INFOPLIST_KEY_UILaunchStoryboardName = LaunchScreen;
				INFOPLIST_KEY_UIMainStoryboardFile = Main;
				INFOPLIST_KEY_UISupportedInterfaceOrientations_iPad = "UIInterfaceOrientationPortrait UIInterfaceOrientationPortraitUpsideDown UIInterfaceOrientationLandscapeLeft UIInterfaceOrientationLandscapeRight";
				INFOPLIST_KEY_UISupportedInterfaceOrientations_iPhone = "UIInterfaceOrientationPortrait UIInterfaceOrientationLandscapeLeft UIInterfaceOrientationLandscapeRight";
				LD_RUNPATH_SEARCH_PATHS = (
					"$(inherited)",
					"@executable_path/Frameworks",
				);
				MARKETING_VERSION = 1.0;
				PRODUCT_BUNDLE_IDENTIFIER = Sunib.VigimonS;
				PRODUCT_NAME = "$(TARGET_NAME)";
				SWIFT_EMIT_LOC_STRINGS = YES;
				SWIFT_VERSION = 5.0;
				TARGETED_DEVICE_FAMILY = "1,2";
			};
			name = Release;
		};
		051AEEC929FA70FD00CABC8C /* Debug */ = {
			isa = XCBuildConfiguration;
			buildSettings = {
				ALWAYS_EMBED_SWIFT_STANDARD_LIBRARIES = YES;
				BUNDLE_LOADER = "$(TEST_HOST)";
				CODE_SIGN_STYLE = Automatic;
				CURRENT_PROJECT_VERSION = 1;
				GENERATE_INFOPLIST_FILE = YES;
				IPHONEOS_DEPLOYMENT_TARGET = 16.1;
				MARKETING_VERSION = 1.0;
				PRODUCT_BUNDLE_IDENTIFIER = Sunib.VigimonSTests;
				PRODUCT_NAME = "$(TARGET_NAME)";
				SWIFT_EMIT_LOC_STRINGS = NO;
				SWIFT_VERSION = 5.0;
				TARGETED_DEVICE_FAMILY = "1,2";
				TEST_HOST = "$(BUILT_PRODUCTS_DIR)/VigimonS.app/$(BUNDLE_EXECUTABLE_FOLDER_PATH)/VigimonS";
			};
			name = Debug;
		};
		051AEECA29FA70FD00CABC8C /* Release */ = {
			isa = XCBuildConfiguration;
			buildSettings = {
				ALWAYS_EMBED_SWIFT_STANDARD_LIBRARIES = YES;
				BUNDLE_LOADER = "$(TEST_HOST)";
				CODE_SIGN_STYLE = Automatic;
				CURRENT_PROJECT_VERSION = 1;
				GENERATE_INFOPLIST_FILE = YES;
				IPHONEOS_DEPLOYMENT_TARGET = 16.1;
				MARKETING_VERSION = 1.0;
				PRODUCT_BUNDLE_IDENTIFIER = Sunib.VigimonSTests;
				PRODUCT_NAME = "$(TARGET_NAME)";
				SWIFT_EMIT_LOC_STRINGS = NO;
				SWIFT_VERSION = 5.0;
				TARGETED_DEVICE_FAMILY = "1,2";
				TEST_HOST = "$(BUILT_PRODUCTS_DIR)/VigimonS.app/$(BUNDLE_EXECUTABLE_FOLDER_PATH)/VigimonS";
			};
			name = Release;
		};
		051AEECC29FA70FD00CABC8C /* Debug */ = {
			isa = XCBuildConfiguration;
			buildSettings = {
				ALWAYS_EMBED_SWIFT_STANDARD_LIBRARIES = YES;
				CODE_SIGN_STYLE = Automatic;
				CURRENT_PROJECT_VERSION = 1;
				GENERATE_INFOPLIST_FILE = YES;
				MARKETING_VERSION = 1.0;
				PRODUCT_BUNDLE_IDENTIFIER = Sunib.VigimonSUITests;
				PRODUCT_NAME = "$(TARGET_NAME)";
				SWIFT_EMIT_LOC_STRINGS = NO;
				SWIFT_VERSION = 5.0;
				TARGETED_DEVICE_FAMILY = "1,2";
				TEST_TARGET_NAME = VigimonS;
			};
			name = Debug;
		};
		051AEECD29FA70FD00CABC8C /* Release */ = {
			isa = XCBuildConfiguration;
			buildSettings = {
				ALWAYS_EMBED_SWIFT_STANDARD_LIBRARIES = YES;
				CODE_SIGN_STYLE = Automatic;
				CURRENT_PROJECT_VERSION = 1;
				GENERATE_INFOPLIST_FILE = YES;
				MARKETING_VERSION = 1.0;
				PRODUCT_BUNDLE_IDENTIFIER = Sunib.VigimonSUITests;
				PRODUCT_NAME = "$(TARGET_NAME)";
				SWIFT_EMIT_LOC_STRINGS = NO;
				SWIFT_VERSION = 5.0;
				TARGETED_DEVICE_FAMILY = "1,2";
				TEST_TARGET_NAME = VigimonS;
			};
			name = Release;
		};
/* End XCBuildConfiguration section */

/* Begin XCConfigurationList section */
		051AEE9329FA70FA00CABC8C /* Build configuration list for PBXProject "VigimonS" */ = {
			isa = XCConfigurationList;
			buildConfigurations = (
				051AEEC329FA70FD00CABC8C /* Debug */,
				051AEEC429FA70FD00CABC8C /* Release */,
			);
			defaultConfigurationIsVisible = 0;
			defaultConfigurationName = Release;
		};
		051AEEC529FA70FD00CABC8C /* Build configuration list for PBXNativeTarget "VigimonS" */ = {
			isa = XCConfigurationList;
			buildConfigurations = (
				051AEEC629FA70FD00CABC8C /* Debug */,
				051AEEC729FA70FD00CABC8C /* Release */,
			);
			defaultConfigurationIsVisible = 0;
			defaultConfigurationName = Release;
		};
		051AEEC829FA70FD00CABC8C /* Build configuration list for PBXNativeTarget "VigimonSTests" */ = {
			isa = XCConfigurationList;
			buildConfigurations = (
				051AEEC929FA70FD00CABC8C /* Debug */,
				051AEECA29FA70FD00CABC8C /* Release */,
			);
			defaultConfigurationIsVisible = 0;
			defaultConfigurationName = Release;
		};
		051AEECB29FA70FD00CABC8C /* Build configuration list for PBXNativeTarget "VigimonSUITests" */ = {
			isa = XCConfigurationList;
			buildConfigurations = (
				051AEECC29FA70FD00CABC8C /* Debug */,
				051AEECD29FA70FD00CABC8C /* Release */,
			);
			defaultConfigurationIsVisible = 0;
			defaultConfigurationName = Release;
		};
/* End XCConfigurationList section */

/* Begin XCVersionGroup section */
		051AEEA429FA70FA00CABC8C /* VigimonS.xcdatamodeld */ = {
			isa = XCVersionGroup;
			children = (
				051AEEA529FA70FA00CABC8C /* VigimonS.xcdatamodel */,
			);
			currentVersion = 051AEEA529FA70FA00CABC8C /* VigimonS.xcdatamodel */;
			path = VigimonS.xcdatamodeld;
			sourceTree = "<group>";
			versionGroupType = wrapper.xcdatamodel;
		};
/* End XCVersionGroup section */
	};
	rootObject = 051AEE9029FA70FA00CABC8C /* Project object */;
}
